PODS:
  - AFNetworking (2.5.4):
    - AFNetworking/NSURLConnection (= 2.5.4)
    - AFNetworking/NSURLSession (= 2.5.4)
    - AFNetworking/Reachability (= 2.5.4)
    - AFNetworking/Security (= 2.5.4)
    - AFNetworking/Serialization (= 2.5.4)
    - AFNetworking/UIKit (= 2.5.4)
  - AFNetworking/NSURLConnection (2.5.4):
    - AFNetworking/Reachability
    - AFNetworking/Security
    - AFNetworking/Serialization
  - AFNetworking/NSURLSession (2.5.4):
    - AFNetworking/Reachability
    - AFNetworking/Security
    - AFNetworking/Serialization
  - AFNetworking/Reachability (2.5.4)
  - AFNetworking/Security (2.5.4)
  - AFNetworking/Serialization (2.5.4)
  - AFNetworking/UIKit (2.5.4):
    - AFNetworking/NSURLConnection
    - AFNetworking/NSURLSession
  - BDBOAuth1Manager (1.5.0):
    - AFNetworking/NSURLConnection (~> 2.5.0)
    - AFNetworking/NSURLSession (~> 2.5.0)
  - Bolts (1.4.0):
    - Bolts/AppLinks (= 1.4.0)
    - Bolts/Tasks (= 1.4.0)
  - Bolts/AppLinks (1.4.0):
    - Bolts/Tasks
  - Bolts/Tasks (1.4.0)
  - CocoaLumberjack (2.2.0):
    - CocoaLumberjack/Default (= 2.2.0)
    - CocoaLumberjack/Extensions (= 2.2.0)
  - CocoaLumberjack/Core (2.2.0)
  - CocoaLumberjack/Default (2.2.0):
    - CocoaLumberjack/Core
  - CocoaLumberjack/Extensions (2.2.0):
    - CocoaLumberjack/Default
  - FBSDKCoreKit (4.7.1):
    - Bolts (~> 1.1)
    - FBSDKCoreKit/arc (= 4.7.1)
    - FBSDKCoreKit/no-arc (= 4.7.1)
  - FBSDKCoreKit/arc (4.7.1):
    - Bolts (~> 1.1)
  - FBSDKCoreKit/no-arc (4.7.1):
    - Bolts (~> 1.1)
    - FBSDKCoreKit/arc
  - FBSDKLoginKit (4.7.1):
    - FBSDKCoreKit
  - Lock-Facebook (2.2.1):
    - CocoaLumberjack (~> 2.0)
    - FBSDKCoreKit (~> 4.6)
    - FBSDKLoginKit (~> 4.6)
    - Lock/Core (~> 1.11)
  - Lock-Twitter (1.1.0):
    - BDBOAuth1Manager (~> 1.5.0)
    - CocoaLumberjack (~> 2.0)
    - Lock/Core (~> 1.20)
    - PSAlertView (~> 2.0)
    - TWReverseAuth (~> 0.1.0)
  - Lock/Core (1.21.0):
    - AFNetworking (~> 2.5)
    - CocoaLumberjack (~> 2.0)
  - Lock/CoreUI (1.21.0):
    - CocoaLumberjack (~> 2.0)
    - Lock/Core
  - Lock/SMS (1.21.0):
    - CocoaLumberjack (~> 2.0)
    - Lock/UI
  - Lock/TouchID (1.21.0):
    - CocoaLumberjack (~> 2.0)
    - Lock/UI
    - SimpleKeychain (~> 0.2)
    - TouchIDAuth (~> 0.1)
  - Lock/UI (1.21.0):
    - CocoaLumberjack (~> 2.0)
    - Lock/CoreUI
  - LockReactNative (0.0.1):
    - LockReactNative/Core (= 0.0.1)
    - LockReactNative/NativeModule (= 0.0.1)
  - LockReactNative/Core (0.0.1):
    - Lock/SMS
    - Lock/TouchID
    - Lock/UI (~> 1.21)
  - LockReactNative/NativeModule (0.0.1):
    - LockReactNative/Core
    - React/Core
  - LUKeychainAccess (1.2.5)
  - NSData+Base64 (1.0.0)
  - OAuthCore (0.0.1):
    - NSData+Base64
  - PSAlertView (2.0.3)
  - React/Core (0.13.2)
  - React/RCTImage (0.13.2):
    - React/Core
    - React/RCTNetwork
  - React/RCTNetwork (0.13.2):
    - React/Core
  - React/RCTText (0.13.2):
    - React/Core
  - React/RCTWebSocket (0.13.2):
    - React/Core
  - SimpleKeychain (0.6.1)
  - TouchIDAuth (0.2.0):
    - SimpleKeychain (~> 0.3)
  - TWReverseAuth (0.1.1):
    - LUKeychainAccess
    - OAuthCore

DEPENDENCIES:
  - Lock-Facebook
  - Lock-Twitter
  - LockReactNative (from `js/node_modules/react-native-lock-ios`)
  - React/Core (from `js/node_modules/react-native`)
  - React/RCTImage (from `js/node_modules/react-native`)
  - React/RCTNetwork (from `js/node_modules/react-native`)
  - React/RCTText (from `js/node_modules/react-native`)
  - React/RCTWebSocket (from `js/node_modules/react-native`)

EXTERNAL SOURCES:
  LockReactNative:
    :path: js/node_modules/react-native-lock-ios
  React:
    :path: js/node_modules/react-native

SPEC CHECKSUMS:
  AFNetworking: 05edc0ac4c4c8cf57bcf4b84be5b0744b6d8e71e
  BDBOAuth1Manager: 2e28773b58f880fb36b5cd3efcf0b1fefbc78a99
  Bolts: 0e9bce58b9b9f5e8a7a4d47b16d2fabec289072b
  CocoaLumberjack: 17fe8581f84914d5d7e6360f7c70022b173c3ae0
  FBSDKCoreKit: 9141b70960a37930850370495fe565f4a27ac141
  FBSDKLoginKit: c11ed3c2833472db3bb4a4aecf27af4a6f69b173
  Lock: cf46cea61023248b458662a9800a99c410a355f4
  Lock-Facebook: 09f2397cbc9ae2e1fc654f7e66248da30343e349
  Lock-Twitter: 385c8ec734fb627ac05cc8e77aaf58a8142b25b8
  LockReactNative: 05e560c7f40bb521b5a6e009b882462b2034ce29
  LUKeychainAccess: d22fc00b33ad92c7532962b86daa94c14b85ecbe
  NSData+Base64: 4e84902c4db907a15673474677e57763ef3903e4
  OAuthCore: 43dce261db846a1fe20234d95654257e00e78581
  PSAlertView: 16d35f5dba549418492cf68a750d4f0dca21f4a2
  React: 25a94f46f38c444fe20ad66ac630dc4251506887
  SimpleKeychain: 150d76f3b9200de58f033228f6e976c6241a221c
  TouchIDAuth: 0cf861f58a2cacfc1c12cb02de4850729d943c81
  TWReverseAuth: d2deef3521fa6bee32eabab67f114c2c4a53d4f5

COCOAPODS: 0.39.0
